
Microsoft Visual Studio Solution File, Format Version 12.00
# Visual Studio Version 17
VisualStudioVersion = 17.1.32328.378
MinimumVisualStudioVersion = 10.0.40219.1
Project("{9A19103F-16F7-4668-BE54-9A1E7A4F7556}") = "eCommerceAPI", "eCommerceAPI\eCommerceAPI.csproj", "{441D0B6B-45AD-448B-A462-D5037826A0CE}"
EndProject
Project("{9A19103F-16F7-4668-BE54-9A1E7A4F7556}") = "Core", "Core\Core.csproj", "{73B65547-7311-4203-828E-EE76F561C7CB}"
EndProject
Project("{9A19103F-16F7-4668-BE54-9A1E7A4F7556}") = "Infrastructure", "Infrastructure\Infrastructure.csproj", "{693CF111-68EF-43FB-883E-E388A08A4256}"
EndProject
Global
	GlobalSection(SolutionConfigurationPlatforms) = preSolution
		Debug|Any CPU = Debug|Any CPU
		Release|Any CPU = Release|Any CPU
	EndGlobalSection
	GlobalSection(ProjectConfigurationPlatforms) = postSolution
		{441D0B6B-45AD-448B-A462-D5037826A0CE}.Debug|Any CPU.ActiveCfg = Debug|Any CPU
		{441D0B6B-45AD-448B-A462-D5037826A0CE}.Debug|Any CPU.Build.0 = Debug|Any CPU
		{441D0B6B-45AD-448B-A462-D5037826A0CE}.Release|Any CPU.ActiveCfg = Release|Any CPU
		{441D0B6B-45AD-448B-A462-D5037826A0CE}.Release|Any CPU.Build.0 = Release|Any CPU
		{73B65547-7311-4203-828E-EE76F561C7CB}.Debug|Any CPU.ActiveCfg = Debug|Any CPU
		{73B65547-7311-4203-828E-EE76F561C7CB}.Debug|Any CPU.Build.0 = Debug|Any CPU
		{73B65547-7311-4203-828E-EE76F561C7CB}.Release|Any CPU.ActiveCfg = Release|Any CPU
		{73B65547-7311-4203-828E-EE76F561C7CB}.Release|Any CPU.Build.0 = Release|Any CPU
		{693CF111-68EF-43FB-883E-E388A08A4256}.Debug|Any CPU.ActiveCfg = Debug|Any CPU
		{693CF111-68EF-43FB-883E-E388A08A4256}.Debug|Any CPU.Build.0 = Debug|Any CPU
		{693CF111-68EF-43FB-883E-E388A08A4256}.Release|Any CPU.ActiveCfg = Release|Any CPU
		{693CF111-68EF-43FB-883E-E388A08A4256}.Release|Any CPU.Build.0 = Release|Any CPU
	EndGlobalSection
	GlobalSection(SolutionProperties) = preSolution
		HideSolutionNode = FALSE
	EndGlobalSection
	GlobalSection(ExtensibilityGlobals) = postSolution
		SolutionGuid = {B41D183F-6C27-4CD9-BB9D-5AFBEF440144}
	EndGlobalSection
EndGlobal
